// !$*UTF8*$!
{
	archiveVersion = 1;
	classes = {
	};
	objectVersion = 56;
	objects = {

/* Begin PBXBuildFile section */
		050E6E7AD7C2433F4FA25D32 /* Pods_TheMovie.framework in Frameworks */ = {isa = PBXBuildFile; fileRef = 89BAA0C3D68BF6C6FCE4F1DB /* Pods_TheMovie.framework */; };
		7B10A10B2917E74F009287B7 /* MoviesViewModel.swift in Sources */ = {isa = PBXBuildFile; fileRef = 7B10A10A2917E74F009287B7 /* MoviesViewModel.swift */; };
		7B10A115291996D2009287B7 /* MovieDetailsViewModel.swift in Sources */ = {isa = PBXBuildFile; fileRef = 7B10A114291996D2009287B7 /* MovieDetailsViewModel.swift */; };
		7B52A5382989A89D00854B71 /* Movie.json in Resources */ = {isa = PBXBuildFile; fileRef = 7B52A5372989A89D00854B71 /* Movie.json */; };
		7B5AB450290DE58D00104DD7 /* MoviesModel.swift in Sources */ = {isa = PBXBuildFile; fileRef = 7B5AB44F290DE58D00104DD7 /* MoviesModel.swift */; };
		7B5AB452290DE84300104DD7 /* MovieService.swift in Sources */ = {isa = PBXBuildFile; fileRef = 7B5AB451290DE84300104DD7 /* MovieService.swift */; };
		7B5AB454290DF16B00104DD7 /* MoviesTableViewCell.swift in Sources */ = {isa = PBXBuildFile; fileRef = 7B5AB453290DF16B00104DD7 /* MoviesTableViewCell.swift */; };
		7B5B13E22926A97400CCFE20 /* UIColor.swift in Sources */ = {isa = PBXBuildFile; fileRef = 7B5B13E12926A97400CCFE20 /* UIColor.swift */; };
		7B5B13E42926AA9900CCFE20 /* UIView.swift in Sources */ = {isa = PBXBuildFile; fileRef = 7B5B13E32926AA9900CCFE20 /* UIView.swift */; };
		7B5B13E62926BBCC00CCFE20 /* FormatDate.swift in Sources */ = {isa = PBXBuildFile; fileRef = 7B5B13E52926BBCC00CCFE20 /* FormatDate.swift */; };
		7B64EC10290DAE0400D890EA /* MovieDetailsViewController.swift in Sources */ = {isa = PBXBuildFile; fileRef = 7B64EC0F290DAE0400D890EA /* MovieDetailsViewController.swift */; };
		7BC80BC7290D9E7E00B018A9 /* AppDelegate.swift in Sources */ = {isa = PBXBuildFile; fileRef = 7BC80BC6290D9E7E00B018A9 /* AppDelegate.swift */; };
		7BC80BCB290D9E7E00B018A9 /* MoviesViewController.swift in Sources */ = {isa = PBXBuildFile; fileRef = 7BC80BCA290D9E7E00B018A9 /* MoviesViewController.swift */; };
		7BC80BD0290D9E7E00B018A9 /* Assets.xcassets in Resources */ = {isa = PBXBuildFile; fileRef = 7BC80BCF290D9E7E00B018A9 /* Assets.xcassets */; };
		7BC80BD3290D9E7E00B018A9 /* LaunchScreen.storyboard in Resources */ = {isa = PBXBuildFile; fileRef = 7BC80BD1290D9E7E00B018A9 /* LaunchScreen.storyboard */; };
/* End PBXBuildFile section */

/* Begin PBXFileReference section */
		7B10A10A2917E74F009287B7 /* MoviesViewModel.swift */ = {isa = PBXFileReference; lastKnownFileType = sourcecode.swift; path = MoviesViewModel.swift; sourceTree = "<group>"; };
		7B10A114291996D2009287B7 /* MovieDetailsViewModel.swift */ = {isa = PBXFileReference; lastKnownFileType = sourcecode.swift; path = MovieDetailsViewModel.swift; sourceTree = "<group>"; };
		7B52A5372989A89D00854B71 /* Movie.json */ = {isa = PBXFileReference; fileEncoding = 4; lastKnownFileType = text.json; path = Movie.json; sourceTree = "<group>"; };
		7B5AB44F290DE58D00104DD7 /* MoviesModel.swift */ = {isa = PBXFileReference; lastKnownFileType = sourcecode.swift; path = MoviesModel.swift; sourceTree = "<group>"; };
		7B5AB451290DE84300104DD7 /* MovieService.swift */ = {isa = PBXFileReference; lastKnownFileType = sourcecode.swift; path = MovieService.swift; sourceTree = "<group>"; };
		7B5AB453290DF16B00104DD7 /* MoviesTableViewCell.swift */ = {isa = PBXFileReference; lastKnownFileType = sourcecode.swift; path = MoviesTableViewCell.swift; sourceTree = "<group>"; };
		7B5B13E12926A97400CCFE20 /* UIColor.swift */ = {isa = PBXFileReference; lastKnownFileType = sourcecode.swift; path = UIColor.swift; sourceTree = "<group>"; };
		7B5B13E32926AA9900CCFE20 /* UIView.swift */ = {isa = PBXFileReference; lastKnownFileType = sourcecode.swift; path = UIView.swift; sourceTree = "<group>"; };
		7B5B13E52926BBCC00CCFE20 /* FormatDate.swift */ = {isa = PBXFileReference; lastKnownFileType = sourcecode.swift; path = FormatDate.swift; sourceTree = "<group>"; };
		7B64EC0F290DAE0400D890EA /* MovieDetailsViewController.swift */ = {isa = PBXFileReference; lastKnownFileType = sourcecode.swift; path = MovieDetailsViewController.swift; sourceTree = "<group>"; };
		7BC80BC3290D9E7E00B018A9 /* TheMovie.app */ = {isa = PBXFileReference; explicitFileType = wrapper.application; includeInIndex = 0; path = TheMovie.app; sourceTree = BUILT_PRODUCTS_DIR; };
		7BC80BC6290D9E7E00B018A9 /* AppDelegate.swift */ = {isa = PBXFileReference; lastKnownFileType = sourcecode.swift; path = AppDelegate.swift; sourceTree = "<group>"; };
		7BC80BCA290D9E7E00B018A9 /* MoviesViewController.swift */ = {isa = PBXFileReference; lastKnownFileType = sourcecode.swift; path = MoviesViewController.swift; sourceTree = "<group>"; };
		7BC80BCF290D9E7E00B018A9 /* Assets.xcassets */ = {isa = PBXFileReference; lastKnownFileType = folder.assetcatalog; path = Assets.xcassets; sourceTree = "<group>"; };
		7BC80BD2290D9E7E00B018A9 /* Base */ = {isa = PBXFileReference; lastKnownFileType = file.storyboard; name = Base; path = Base.lproj/LaunchScreen.storyboard; sourceTree = "<group>"; };
		7BC80BD4290D9E7E00B018A9 /* Info.plist */ = {isa = PBXFileReference; lastKnownFileType = text.plist.xml; path = Info.plist; sourceTree = "<group>"; };
		815ADB47F408ED19FA341EA3 /* Pods-TheMovie.debug.xcconfig */ = {isa = PBXFileReference; includeInIndex = 1; lastKnownFileType = text.xcconfig; name = "Pods-TheMovie.debug.xcconfig"; path = "Target Support Files/Pods-TheMovie/Pods-TheMovie.debug.xcconfig"; sourceTree = "<group>"; };
		89BAA0C3D68BF6C6FCE4F1DB /* Pods_TheMovie.framework */ = {isa = PBXFileReference; explicitFileType = wrapper.framework; includeInIndex = 0; path = Pods_TheMovie.framework; sourceTree = BUILT_PRODUCTS_DIR; };
		BE723D63221CF7055543DC23 /* Pods-TheMovie.release.xcconfig */ = {isa = PBXFileReference; includeInIndex = 1; lastKnownFileType = text.xcconfig; name = "Pods-TheMovie.release.xcconfig"; path = "Target Support Files/Pods-TheMovie/Pods-TheMovie.release.xcconfig"; sourceTree = "<group>"; };
/* End PBXFileReference section */

/* Begin PBXFrameworksBuildPhase section */
		7BC80BC0290D9E7E00B018A9 /* Frameworks */ = {
			isa = PBXFrameworksBuildPhase;
			buildActionMask = 2147483647;
			files = (
				050E6E7AD7C2433F4FA25D32 /* Pods_TheMovie.framework in Frameworks */,
			);
			runOnlyForDeploymentPostprocessing = 0;
		};
/* End PBXFrameworksBuildPhase section */

/* Begin PBXGroup section */
		1F2CAA07E76E18A5462EB8B1 /* Pods */ = {
			isa = PBXGroup;
			children = (
				815ADB47F408ED19FA341EA3 /* Pods-TheMovie.debug.xcconfig */,
				BE723D63221CF7055543DC23 /* Pods-TheMovie.release.xcconfig */,
			);
			path = Pods;
			sourceTree = "<group>";
		};
		7B10A10C29198294009287B7 /* Model */ = {
			isa = PBXGroup;
			children = (
				7B5AB44F290DE58D00104DD7 /* MoviesModel.swift */,
			);
			path = Model;
			sourceTree = "<group>";
		};
		7B10A10D291982AA009287B7 /* View */ = {
			isa = PBXGroup;
			children = (
				7BC80BCA290D9E7E00B018A9 /* MoviesViewController.swift */,
				7B10A1112919855F009287B7 /* Cell */,
			);
			path = View;
			sourceTree = "<group>";
		};
		7B10A10E291982D5009287B7 /* Service */ = {
			isa = PBXGroup;
			children = (
				7B5AB451290DE84300104DD7 /* MovieService.swift */,
			);
			path = Service;
			sourceTree = "<group>";
		};
		7B10A10F29198318009287B7 /* ViewModel */ = {
			isa = PBXGroup;
			children = (
				7B10A10A2917E74F009287B7 /* MoviesViewModel.swift */,
			);
			path = ViewModel;
			sourceTree = "<group>";
		};
		7B10A11029198515009287B7 /* Movies */ = {
			isa = PBXGroup;
			children = (
				7B10A10F29198318009287B7 /* ViewModel */,
				7B10A10D291982AA009287B7 /* View */,
			);
			path = Movies;
			sourceTree = "<group>";
		};
		7B10A1112919855F009287B7 /* Cell */ = {
			isa = PBXGroup;
			children = (
				7B5AB453290DF16B00104DD7 /* MoviesTableViewCell.swift */,
			);
			path = Cell;
			sourceTree = "<group>";
		};
		7B10A11229199693009287B7 /* MovieDetails */ = {
			isa = PBXGroup;
			children = (
				7B10A116291996D9009287B7 /* View */,
				7B10A113291996B3009287B7 /* ViewModel */,
			);
			path = MovieDetails;
			sourceTree = "<group>";
		};
		7B10A113291996B3009287B7 /* ViewModel */ = {
			isa = PBXGroup;
			children = (
				7B10A114291996D2009287B7 /* MovieDetailsViewModel.swift */,
			);
			path = ViewModel;
			sourceTree = "<group>";
		};
		7B10A116291996D9009287B7 /* View */ = {
			isa = PBXGroup;
			children = (
				7B64EC0F290DAE0400D890EA /* MovieDetailsViewController.swift */,
			);
			path = View;
			sourceTree = "<group>";
		};
		7B5B13E02926A95800CCFE20 /* Extensions */ = {
			isa = PBXGroup;
			children = (
				7B5B13E12926A97400CCFE20 /* UIColor.swift */,
				7B5B13E32926AA9900CCFE20 /* UIView.swift */,
				7B5B13E52926BBCC00CCFE20 /* FormatDate.swift */,
			);
			path = Extensions;
			sourceTree = "<group>";
		};
		7BC80BBA290D9E7E00B018A9 = {
			isa = PBXGroup;
			children = (
				7BC80BC5290D9E7E00B018A9 /* TheMovie */,
				7BC80BC4290D9E7E00B018A9 /* Products */,
				1F2CAA07E76E18A5462EB8B1 /* Pods */,
				B7B7E92DA2249A71A5D2CA92 /* Frameworks */,
			);
			sourceTree = "<group>";
		};
		7BC80BC4290D9E7E00B018A9 /* Products */ = {
			isa = PBXGroup;
			children = (
				7BC80BC3290D9E7E00B018A9 /* TheMovie.app */,
			);
			name = Products;
			sourceTree = "<group>";
		};
		7BC80BC5290D9E7E00B018A9 /* TheMovie */ = {
			isa = PBXGroup;
			children = (
				7B10A11229199693009287B7 /* MovieDetails */,
				7B10A11029198515009287B7 /* Movies */,
				7B10A10E291982D5009287B7 /* Service */,
				7B10A10C29198294009287B7 /* Model */,
				7BC80BC6290D9E7E00B018A9 /* AppDelegate.swift */,
				7B5B13E02926A95800CCFE20 /* Extensions */,
				7BC80BCF290D9E7E00B018A9 /* Assets.xcassets */,
				7BC80BD1290D9E7E00B018A9 /* LaunchScreen.storyboard */,
				7BC80BD4290D9E7E00B018A9 /* Info.plist */,
				7B52A5372989A89D00854B71 /* Movie.json */,
			);
			path = TheMovie;
			sourceTree = "<group>";
		};
		B7B7E92DA2249A71A5D2CA92 /* Frameworks */ = {
			isa = PBXGroup;
			children = (
				89BAA0C3D68BF6C6FCE4F1DB /* Pods_TheMovie.framework */,
			);
			name = Frameworks;
			sourceTree = "<group>";
		};
/* End PBXGroup section */

/* Begin PBXNativeTarget section */
		7BC80BC2290D9E7E00B018A9 /* TheMovie */ = {
			isa = PBXNativeTarget;
			buildConfigurationList = 7BC80BD7290D9E7E00B018A9 /* Build configuration list for PBXNativeTarget "TheMovie" */;
			buildPhases = (
				8232DE0A74FF45ACDC973758 /* [CP] Check Pods Manifest.lock */,
				7BC80BBF290D9E7E00B018A9 /* Sources */,
				7BC80BC0290D9E7E00B018A9 /* Frameworks */,
				7BC80BC1290D9E7E00B018A9 /* Resources */,
				BCB811CDA20DB47366B8AA8C /* [CP] Embed Pods Frameworks */,
			);
			buildRules = (
			);
			dependencies = (
			);
			name = TheMovie;
			productName = TheMovie;
			productReference = 7BC80BC3290D9E7E00B018A9 /* TheMovie.app */;
			productType = "com.apple.product-type.application";
		};
/* End PBXNativeTarget section */

/* Begin PBXProject section */
		7BC80BBB290D9E7E00B018A9 /* Project object */ = {
			isa = PBXProject;
			attributes = {
				BuildIndependentTargetsInParallel = 1;
				LastSwiftUpdateCheck = 1400;
				LastUpgradeCheck = 1400;
				TargetAttributes = {
					7BC80BC2290D9E7E00B018A9 = {
						CreatedOnToolsVersion = 14.0.1;
					};
				};
			};
			buildConfigurationList = 7BC80BBE290D9E7E00B018A9 /* Build configuration list for PBXProject "TheMovie" */;
			compatibilityVersion = "Xcode 14.0";
			developmentRegion = en;
			hasScannedForEncodings = 0;
			knownRegions = (
				en,
				Base,
			);
			mainGroup = 7BC80BBA290D9E7E00B018A9;
			productRefGroup = 7BC80BC4290D9E7E00B018A9 /* Products */;
			projectDirPath = "";
			projectRoot = "";
			targets = (
				7BC80BC2290D9E7E00B018A9 /* TheMovie */,
			);
		};
/* End PBXProject section */

/* Begin PBXResourcesBuildPhase section */
		7BC80BC1290D9E7E00B018A9 /* Resources */ = {
			isa = PBXResourcesBuildPhase;
			buildActionMask = 2147483647;
			files = (
				7B52A5382989A89D00854B71 /* Movie.json in Resources */,
				7BC80BD3290D9E7E00B018A9 /* LaunchScreen.storyboard in Resources */,
				7BC80BD0290D9E7E00B018A9 /* Assets.xcassets in Resources */,
			);
			runOnlyForDeploymentPostprocessing = 0;
		};
/* End PBXResourcesBuildPhase section */

/* Begin PBXShellScriptBuildPhase section */
		8232DE0A74FF45ACDC973758 /* [CP] Check Pods Manifest.lock */ = {
			isa = PBXShellScriptBuildPhase;
			buildActionMask = 2147483647;
			files = (
			);
			inputFileListPaths = (
			);
			inputPaths = (
				"${PODS_PODFILE_DIR_PATH}/Podfile.lock",
				"${PODS_ROOT}/Manifest.lock",
			);
			name = "[CP] Check Pods Manifest.lock";
			outputFileListPaths = (
			);
			outputPaths = (
				"$(DERIVED_FILE_DIR)/Pods-TheMovie-checkManifestLockResult.txt",
			);
			runOnlyForDeploymentPostprocessing = 0;
			shellPath = /bin/sh;
			shellScript = "diff \"${PODS_PODFILE_DIR_PATH}/Podfile.lock\" \"${PODS_ROOT}/Manifest.lock\" > /dev/null\nif [ $? != 0 ] ; then\n    # print error to STDERR\n    echo \"error: The sandbox is not in sync with the Podfile.lock. Run 'pod install' or update your CocoaPods installation.\" >&2\n    exit 1\nfi\n# This output is used by Xcode 'outputs' to avoid re-running this script phase.\necho \"SUCCESS\" > \"${SCRIPT_OUTPUT_FILE_0}\"\n";
			showEnvVarsInLog = 0;
		};
		BCB811CDA20DB47366B8AA8C /* [CP] Embed Pods Frameworks */ = {
			isa = PBXShellScriptBuildPhase;
			buildActionMask = 2147483647;
			files = (
			);
			inputFileListPaths = (
				"${PODS_ROOT}/Target Support Files/Pods-TheMovie/Pods-TheMovie-frameworks-${CONFIGURATION}-input-files.xcfilelist",
			);
			name = "[CP] Embed Pods Frameworks";
			outputFileListPaths = (
				"${PODS_ROOT}/Target Support Files/Pods-TheMovie/Pods-TheMovie-frameworks-${CONFIGURATION}-output-files.xcfilelist",
			);
			runOnlyForDeploymentPostprocessing = 0;
			shellPath = /bin/sh;
			shellScript = "\"${PODS_ROOT}/Target Support Files/Pods-TheMovie/Pods-TheMovie-frameworks.sh\"\n";
			showEnvVarsInLog = 0;
		};
/* End PBXShellScriptBuildPhase section */

/* Begin PBXSourcesBuildPhase section */
		7BC80BBF290D9E7E00B018A9 /* Sources */ = {
			isa = PBXSourcesBuildPhase;
			buildActionMask = 2147483647;
			files = (
				7B5B13E42926AA9900CCFE20 /* UIView.swift in Sources */,
				7B10A115291996D2009287B7 /* MovieDetailsViewModel.swift in Sources */,
				7B5B13E62926BBCC00CCFE20 /* FormatDate.swift in Sources */,
				7B10A10B2917E74F009287B7 /* MoviesViewModel.swift in Sources */,
				7B5AB450290DE58D00104DD7 /* MoviesModel.swift in Sources */,
				7BC80BCB290D9E7E00B018A9 /* MoviesViewController.swift in Sources */,
				7B5B13E22926A97400CCFE20 /* UIColor.swift in Sources */,
				7B64EC10290DAE0400D890EA /* MovieDetailsViewController.swift in Sources */,
				7BC80BC7290D9E7E00B018A9 /* AppDelegate.swift in Sources */,
				7B5AB454290DF16B00104DD7 /* MoviesTableViewCell.swift in Sources */,
				7B5AB452290DE84300104DD7 /* MovieService.swift in Sources */,
			);
			runOnlyForDeploymentPostprocessing = 0;
		};
/* End PBXSourcesBuildPhase section */

/* Begin PBXVariantGroup section */
		7BC80BD1290D9E7E00B018A9 /* LaunchScreen.storyboard */ = {
			isa = PBXVariantGroup;
			children = (
				7BC80BD2290D9E7E00B018A9 /* Base */,
			);
			name = LaunchScreen.storyboard;
			sourceTree = "<group>";
		};
/* End PBXVariantGroup section */

/* Begin XCBuildConfiguration section */
		7BC80BD5290D9E7E00B018A9 /* Debug */ = {
			isa = XCBuildConfiguration;
			buildSettings = {
				ALWAYS_SEARCH_USER_PATHS = NO;
				CLANG_ANALYZER_NONNULL = YES;
				CLANG_ANALYZER_NUMBER_OBJECT_CONVERSION = YES_AGGRESSIVE;
				CLANG_CXX_LANGUAGE_STANDARD = "gnu++20";
				CLANG_ENABLE_MODULES = YES;
				CLANG_ENABLE_OBJC_ARC = YES;
				CLANG_ENABLE_OBJC_WEAK = YES;
				CLANG_WARN_BLOCK_CAPTURE_AUTORELEASING = YES;
				CLANG_WARN_BOOL_CONVERSION = YES;
				CLANG_WARN_COMMA = YES;
				CLANG_WARN_CONSTANT_CONVERSION = YES;
				CLANG_WARN_DEPRECATED_OBJC_IMPLEMENTATIONS = YES;
				CLANG_WARN_DIRECT_OBJC_ISA_USAGE = YES_ERROR;
				CLANG_WARN_DOCUMENTATION_COMMENTS = YES;
				CLANG_WARN_EMPTY_BODY = YES;
				CLANG_WARN_ENUM_CONVERSION = YES;
				CLANG_WARN_INFINITE_RECURSION = YES;
				CLANG_WARN_INT_CONVERSION = YES;
				CLANG_WARN_NON_LITERAL_NULL_CONVERSION = YES;
				CLANG_WARN_OBJC_IMPLICIT_RETAIN_SELF = YES;
				CLANG_WARN_OBJC_LITERAL_CONVERSION = YES;
				CLANG_WARN_OBJC_ROOT_CLASS = YES_ERROR;
				CLANG_WARN_QUOTED_INCLUDE_IN_FRAMEWORK_HEADER = YES;
				CLANG_WARN_RANGE_LOOP_ANALYSIS = YES;
				CLANG_WARN_STRICT_PROTOTYPES = YES;
				CLANG_WARN_SUSPICIOUS_MOVE = YES;
				CLANG_WARN_UNGUARDED_AVAILABILITY = YES_AGGRESSIVE;
				CLANG_WARN_UNREACHABLE_CODE = YES;
				CLANG_WARN__DUPLICATE_METHOD_MATCH = YES;
				COPY_PHASE_STRIP = NO;
				DEBUG_INFORMATION_FORMAT = dwarf;
				EMBED_ASSET_PACKS_IN_PRODUCT_BUNDLE = YES;
				ENABLE_ON_DEMAND_RESOURCES = YES;
				ENABLE_STRICT_OBJC_MSGSEND = YES;
				ENABLE_TESTABILITY = YES;
				GCC_C_LANGUAGE_STANDARD = gnu11;
				GCC_DYNAMIC_NO_PIC = NO;
				GCC_NO_COMMON_BLOCKS = YES;
				GCC_OPTIMIZATION_LEVEL = 0;
				GCC_PREPROCESSOR_DEFINITIONS = (
					"DEBUG=1",
					"$(inherited)",
				);
				GCC_WARN_64_TO_32_BIT_CONVERSION = YES;
				GCC_WARN_ABOUT_RETURN_TYPE = YES_ERROR;
				GCC_WARN_UNDECLARED_SELECTOR = YES;
				GCC_WARN_UNINITIALIZED_AUTOS = YES_AGGRESSIVE;
				GCC_WARN_UNUSED_FUNCTION = YES;
				GCC_WARN_UNUSED_VARIABLE = YES;
				IPHONEOS_DEPLOYMENT_TARGET = 13.1;
				MTL_ENABLE_DEBUG_INFO = INCLUDE_SOURCE;
				MTL_FAST_MATH = YES;
				ONLY_ACTIVE_ARCH = YES;
				SDKROOT = iphoneos;
				SWIFT_ACTIVE_COMPILATION_CONDITIONS = DEBUG;
				SWIFT_OPTIMIZATION_LEVEL = "-Onone";
			};
			name = Debug;
		};
		7BC80BD6290D9E7E00B018A9 /* Release */ = {
			isa = XCBuildConfiguration;
			buildSettings = {
				ALWAYS_SEARCH_USER_PATHS = NO;
				CLANG_ANALYZER_NONNULL = YES;
				CLANG_ANALYZER_NUMBER_OBJECT_CONVERSION = YES_AGGRESSIVE;
				CLANG_CXX_LANGUAGE_STANDARD = "gnu++20";
				CLANG_ENABLE_MODULES = YES;
				CLANG_ENABLE_OBJC_ARC = YES;
				CLANG_ENABLE_OBJC_WEAK = YES;
				CLANG_WARN_BLOCK_CAPTURE_AUTORELEASING = YES;
				CLANG_WARN_BOOL_CONVERSION = YES;
				CLANG_WARN_COMMA = YES;
				CLANG_WARN_CONSTANT_CONVERSION = YES;
				CLANG_WARN_DEPRECATED_OBJC_IMPLEMENTATIONS = YES;
				CLANG_WARN_DIRECT_OBJC_ISA_USAGE = YES_ERROR;
				CLANG_WARN_DOCUMENTATION_COMMENTS = YES;
				CLANG_WARN_EMPTY_BODY = YES;
				CLANG_WARN_ENUM_CONVERSION = YES;
				CLANG_WARN_INFINITE_RECURSION = YES;
				CLANG_WARN_INT_CONVERSION = YES;
				CLANG_WARN_NON_LITERAL_NULL_CONVERSION = YES;
				CLANG_WARN_OBJC_IMPLICIT_RETAIN_SELF = YES;
				CLANG_WARN_OBJC_LITERAL_CONVERSION = YES;
				CLANG_WARN_OBJC_ROOT_CLASS = YES_ERROR;
				CLANG_WARN_QUOTED_INCLUDE_IN_FRAMEWORK_HEADER = YES;
				CLANG_WARN_RANGE_LOOP_ANALYSIS = YES;
				CLANG_WARN_STRICT_PROTOTYPES = YES;
				CLANG_WARN_SUSPICIOUS_MOVE = YES;
				CLANG_WARN_UNGUARDED_AVAILABILITY = YES_AGGRESSIVE;
				CLANG_WARN_UNREACHABLE_CODE = YES;
				CLANG_WARN__DUPLICATE_METHOD_MATCH = YES;
				COPY_PHASE_STRIP = NO;
				DEBUG_INFORMATION_FORMAT = "dwarf-with-dsym";
				EMBED_ASSET_PACKS_IN_PRODUCT_BUNDLE = YES;
				ENABLE_NS_ASSERTIONS = NO;
				ENABLE_ON_DEMAND_RESOURCES = YES;
				ENABLE_STRICT_OBJC_MSGSEND = YES;
				GCC_C_LANGUAGE_STANDARD = gnu11;
				GCC_NO_COMMON_BLOCKS = YES;
				GCC_WARN_64_TO_32_BIT_CONVERSION = YES;
				GCC_WARN_ABOUT_RETURN_TYPE = YES_ERROR;
				GCC_WARN_UNDECLARED_SELECTOR = YES;
				GCC_WARN_UNINITIALIZED_AUTOS = YES_AGGRESSIVE;
				GCC_WARN_UNUSED_FUNCTION = YES;
				GCC_WARN_UNUSED_VARIABLE = YES;
				IPHONEOS_DEPLOYMENT_TARGET = 13.1;
				MTL_ENABLE_DEBUG_INFO = NO;
				MTL_FAST_MATH = YES;
				SDKROOT = iphoneos;
				SWIFT_COMPILATION_MODE = wholemodule;
				SWIFT_OPTIMIZATION_LEVEL = "-O";
				VALIDATE_PRODUCT = YES;
			};
			name = Release;
		};
		7BC80BD8290D9E7E00B018A9 /* Debug */ = {
			isa = XCBuildConfiguration;
			baseConfigurationReference = 815ADB47F408ED19FA341EA3 /* Pods-TheMovie.debug.xcconfig */;
			buildSettings = {
				ASSETCATALOG_COMPILER_APPICON_NAME = AppIcon;
				ASSETCATALOG_COMPILER_GLOBAL_ACCENT_COLOR_NAME = AccentColor;
				CODE_SIGN_STYLE = Automatic;
				CURRENT_PROJECT_VERSION = 1;
				DEVELOPMENT_TEAM = DDKF9XP3VR;
				GENERATE_INFOPLIST_FILE = YES;
				INFOPLIST_FILE = TheMovie/Info.plist;
				INFOPLIST_KEY_UIApplicationSupportsIndirectInputEvents = YES;
				INFOPLIST_KEY_UILaunchStoryboardName = LaunchScreen;
				INFOPLIST_KEY_UIMainStoryboardFile = "";
				INFOPLIST_KEY_UISupportedInterfaceOrientations_iPad = "UIInterfaceOrientationPortrait UIInterfaceOrientationPortraitUpsideDown UIInterfaceOrientationLandscapeLeft UIInterfaceOrientationLandscapeRight";
				INFOPLIST_KEY_UISupportedInterfaceOrientations_iPhone = "UIInterfaceOrientationPortrait UIInterfaceOrientationLandscapeLeft UIInterfaceOrientationLandscapeRight";
				LD_RUNPATH_SEARCH_PATHS = (
					"$(inherited)",
					"@executable_path/Frameworks",
				);
				MARKETING_VERSION = 1.0;
				PRODUCT_BUNDLE_IDENTIFIER = Jaqueline.TheMovie;
				PRODUCT_NAME = "$(TARGET_NAME)";
				SWIFT_EMIT_LOC_STRINGS = YES;
				SWIFT_SUPPRESS_WARNINGS = NO;
				SWIFT_TREAT_WARNINGS_AS_ERRORS = NO;
				SWIFT_VERSION = 5.0;
				TARGETED_DEVICE_FAMILY = "1,2";
			};
			name = Debug;
		};
		7BC80BD9290D9E7E00B018A9 /* Release */ = {
			isa = XCBuildConfiguration;
			baseConfigurationReference = BE723D63221CF7055543DC23 /* Pods-TheMovie.release.xcconfig */;
			buildSettings = {
				ASSETCATALOG_COMPILER_APPICON_NAME = AppIcon;
				ASSETCATALOG_COMPILER_GLOBAL_ACCENT_COLOR_NAME = AccentColor;
				CODE_SIGN_STYLE = Automatic;
				CURRENT_PROJECT_VERSION = 1;
				DEVELOPMENT_TEAM = DDKF9XP3VR;
				GENERATE_INFOPLIST_FILE = YES;
				INFOPLIST_FILE = TheMovie/Info.plist;
				INFOPLIST_KEY_UIApplicationSupportsIndirectInputEvents = YES;
				INFOPLIST_KEY_UILaunchStoryboardName = LaunchScreen;
				INFOPLIST_KEY_UIMainStoryboardFile = "";
				INFOPLIST_KEY_UISupportedInterfaceOrientations_iPad = "UIInterfaceOrientationPortrait UIInterfaceOrientationPortraitUpsideDown UIInterfaceOrientationLandscapeLeft UIInterfaceOrientationLandscapeRight";
				INFOPLIST_KEY_UISupportedInterfaceOrientations_iPhone = "UIInterfaceOrientationPortrait UIInterfaceOrientationLandscapeLeft UIInterfaceOrientationLandscapeRight";
				LD_RUNPATH_SEARCH_PATHS = (
					"$(inherited)",
					"@executable_path/Frameworks",
				);
				MARKETING_VERSION = 1.0;
				PRODUCT_BUNDLE_IDENTIFIER = Jaqueline.TheMovie;
				PRODUCT_NAME = "$(TARGET_NAME)";
				SWIFT_EMIT_LOC_STRINGS = YES;
				SWIFT_SUPPRESS_WARNINGS = NO;
				SWIFT_TREAT_WARNINGS_AS_ERRORS = NO;
				SWIFT_VERSION = 5.0;
				TARGETED_DEVICE_FAMILY = "1,2";
			};
			name = Release;
		};
/* End XCBuildConfiguration section */

/* Begin XCConfigurationList section */
		7BC80BBE290D9E7E00B018A9 /* Build configuration list for PBXProject "TheMovie" */ = {
			isa = XCConfigurationList;
			buildConfigurations = (
				7BC80BD5290D9E7E00B018A9 /* Debug */,
				7BC80BD6290D9E7E00B018A9 /* Release */,
			);
			defaultConfigurationIsVisible = 0;
			defaultConfigurationName = Release;
		};
		7BC80BD7290D9E7E00B018A9 /* Build configuration list for PBXNativeTarget "TheMovie" */ = {
			isa = XCConfigurationList;
			buildConfigurations = (
				7BC80BD8290D9E7E00B018A9 /* Debug */,
				7BC80BD9290D9E7E00B018A9 /* Release */,
			);
			defaultConfigurationIsVisible = 0;
			defaultConfigurationName = Release;
		};
/* End XCConfigurationList section */
	};
	rootObject = 7BC80BBB290D9E7E00B018A9 /* Project object */;
}
